
Microsoft Visual Studio Solution File, Format Version 12.00
# Visual Studio Version 16
VisualStudioVersion = 16.0.29613.14
MinimumVisualStudioVersion = 10.0.40219.1
Project("{FAE04EC0-301F-11D3-BF4B-00C04F79EFBC}") = "Lab18_(1-4)", "Lab18_(1-4).csproj", "{4CF46FAB-2A4D-45F3-8AE2-707092A81F64}"
EndProject
Global
	GlobalSection(SolutionConfigurationPlatforms) = preSolution
		Debug|Any CPU = Debug|Any CPU
		Release|Any CPU = Release|Any CPU
	EndGlobalSection
	GlobalSection(ProjectConfigurationPlatforms) = postSolution
		{4CF46FAB-2A4D-45F3-8AE2-707092A81F64}.Debug|Any CPU.ActiveCfg = Debug|Any CPU
		{4CF46FAB-2A4D-45F3-8AE2-707092A81F64}.Debug|Any CPU.Build.0 = Debug|Any CPU
		{4CF46FAB-2A4D-45F3-8AE2-707092A81F64}.Release|Any CPU.ActiveCfg = Release|Any CPU
		{4CF46FAB-2A4D-45F3-8AE2-707092A81F64}.Release|Any CPU.Build.0 = Release|Any CPU
	EndGlobalSection
	GlobalSection(SolutionProperties) = preSolution
		HideSolutionNode = FALSE
	EndGlobalSection
	GlobalSection(ExtensibilityGlobals) = postSolution
		SolutionGuid = {32E75E91-3309-42FE-B753-F78792EE0247}
	EndGlobalSection
EndGlobal
