
Microsoft Visual Studio Solution File, Format Version 12.00
# Visual Studio Version 16
VisualStudioVersion = 16.0.808.2
MinimumVisualStudioVersion = 10.0.40219.1
Project("{FAE04EC0-301F-11D3-BF4B-00C04F79EFBC}") = "C_eleven2", "C_eleven2\C_eleven2.csproj", "{B1A58EFD-F73F-47C2-A71D-5DE19FA48165}"
EndProject
Global
	GlobalSection(SolutionConfigurationPlatforms) = preSolution
		Debug|anycpu = Debug|anycpu
		Release|anycpu = Release|anycpu
	EndGlobalSection
	GlobalSection(ProjectConfigurationPlatforms) = postSolution
		{B1A58EFD-F73F-47C2-A71D-5DE19FA48165}.Debug|anycpu.ActiveCfg = Debug|anycpu
		{B1A58EFD-F73F-47C2-A71D-5DE19FA48165}.Debug|anycpu.Build.0 = Debug|anycpu
		{B1A58EFD-F73F-47C2-A71D-5DE19FA48165}.Release|anycpu.ActiveCfg = Release|anycpu
		{B1A58EFD-F73F-47C2-A71D-5DE19FA48165}.Release|anycpu.Build.0 = Release|anycpu
	EndGlobalSection
	GlobalSection(SolutionProperties) = preSolution
		HideSolutionNode = FALSE
	EndGlobalSection
	GlobalSection(ExtensibilityGlobals) = postSolution
		SolutionGuid = {44393BAE-58FA-4713-B393-489E1DA73DA9}
	EndGlobalSection
EndGlobal
