
Microsoft Visual Studio Solution File, Format Version 12.00
# Visual Studio 15
Project("{FAE04EC0-301F-11D3-BF4B-00C04F79EFBC}") = "C_eight_2", "C_eight_2\C_eight_2.csproj", "{5EE96FD5-5700-4407-AF9D-47B8BC43D588}"
EndProject
Global
	GlobalSection(SolutionConfigurationPlatforms) = preSolution
		Debug|anycpu = Debug|anycpu
		Release|anycpu = Release|anycpu
	EndGlobalSection
	GlobalSection(ProjectConfigurationPlatforms) = postSolution
		{5EE96FD5-5700-4407-AF9D-47B8BC43D588}.Debug|anycpu.ActiveCfg = Debug|anycpu
		{5EE96FD5-5700-4407-AF9D-47B8BC43D588}.Debug|anycpu.Build.0 = Debug|anycpu
		{5EE96FD5-5700-4407-AF9D-47B8BC43D588}.Release|anycpu.ActiveCfg = Release|anycpu
		{5EE96FD5-5700-4407-AF9D-47B8BC43D588}.Release|anycpu.Build.0 = Release|anycpu
	EndGlobalSection
EndGlobal
