
Microsoft Visual Studio Solution File, Format Version 12.00
# Visual Studio Version 16
VisualStudioVersion = 16.0.29613.14
MinimumVisualStudioVersion = 10.0.40219.1
Project("{FAE04EC0-301F-11D3-BF4B-00C04F79EFBC}") = "Lab18(5)", "Lab18(5).csproj", "{7F714378-6626-4338-98C2-C5799FE9239B}"
EndProject
Global
	GlobalSection(SolutionConfigurationPlatforms) = preSolution
		Debug|Any CPU = Debug|Any CPU
		Release|Any CPU = Release|Any CPU
	EndGlobalSection
	GlobalSection(ProjectConfigurationPlatforms) = postSolution
		{7F714378-6626-4338-98C2-C5799FE9239B}.Debug|Any CPU.ActiveCfg = Debug|Any CPU
		{7F714378-6626-4338-98C2-C5799FE9239B}.Debug|Any CPU.Build.0 = Debug|Any CPU
		{7F714378-6626-4338-98C2-C5799FE9239B}.Release|Any CPU.ActiveCfg = Release|Any CPU
		{7F714378-6626-4338-98C2-C5799FE9239B}.Release|Any CPU.Build.0 = Release|Any CPU
	EndGlobalSection
	GlobalSection(SolutionProperties) = preSolution
		HideSolutionNode = FALSE
	EndGlobalSection
	GlobalSection(ExtensibilityGlobals) = postSolution
		SolutionGuid = {423CD780-3086-403B-B3CD-A52A1BB9F95F}
	EndGlobalSection
EndGlobal
