
Microsoft Visual Studio Solution File, Format Version 12.00
# Visual Studio Version 16
VisualStudioVersion = 16.0.808.2
MinimumVisualStudioVersion = 10.0.40219.1
Project("{FAE04EC0-301F-11D3-BF4B-00C04F79EFBC}") = "C_individual", "C_individual\C_individual.csproj", "{45DFCE37-5B1B-42EC-9A8B-ABC942C3B022}"
EndProject
Global
	GlobalSection(SolutionConfigurationPlatforms) = preSolution
		Debug|anycpu = Debug|anycpu
		Release|anycpu = Release|anycpu
	EndGlobalSection
	GlobalSection(ProjectConfigurationPlatforms) = postSolution
		{45DFCE37-5B1B-42EC-9A8B-ABC942C3B022}.Debug|anycpu.ActiveCfg = Debug|anycpu
		{45DFCE37-5B1B-42EC-9A8B-ABC942C3B022}.Debug|anycpu.Build.0 = Debug|anycpu
		{45DFCE37-5B1B-42EC-9A8B-ABC942C3B022}.Release|anycpu.ActiveCfg = Release|anycpu
		{45DFCE37-5B1B-42EC-9A8B-ABC942C3B022}.Release|anycpu.Build.0 = Release|anycpu
	EndGlobalSection
	GlobalSection(SolutionProperties) = preSolution
		HideSolutionNode = FALSE
	EndGlobalSection
	GlobalSection(ExtensibilityGlobals) = postSolution
		SolutionGuid = {8EE79C47-854D-4AAF-BF95-A067B782408D}
	EndGlobalSection
EndGlobal
